
Microsoft Visual Studio Solution File, Format Version 12.00
# Visual Studio Version 16
VisualStudioVersion = 16.0.30611.23
MinimumVisualStudioVersion = 10.0.40219.1
Project("{FAE04EC0-301F-11D3-BF4B-00C04F79EFBC}") = "BuckshotPlusPlus", "BuckshotPlusPlus.csproj", "{43064BEC-6D16-4C8B-8930-9848A2C048BF}"
EndProject
Global
	GlobalSection(SolutionConfigurationPlatforms) = preSolution
		Debug|Any CPU = Debug|Any CPU
		Release|Any CPU = Release|Any CPU
	EndGlobalSection
	GlobalSection(ProjectConfigurationPlatforms) = postSolution
		{43064BEC-6D16-4C8B-8930-9848A2C048BF}.Debug|Any CPU.ActiveCfg = Debug|Any CPU
		{43064BEC-6D16-4C8B-8930-9848A2C048BF}.Debug|Any CPU.Build.0 = Debug|Any CPU
		{43064BEC-6D16-4C8B-8930-9848A2C048BF}.Release|Any CPU.ActiveCfg = Release|Any CPU
		{43064BEC-6D16-4C8B-8930-9848A2C048BF}.Release|Any CPU.Build.0 = Release|Any CPU
	EndGlobalSection
	GlobalSection(SolutionProperties) = preSolution
		HideSolutionNode = FALSE
	EndGlobalSection
	GlobalSection(ExtensibilityGlobals) = postSolution
		SolutionGuid = {AF29FA13-1DB9-4DDE-966C-BE02E15E3584}
	EndGlobalSection
EndGlobal
